
Microsoft Visual Studio Solution File, Format Version 12.00
# Visual Studio Version 17
VisualStudioVersion = 17.8.34511.84
MinimumVisualStudioVersion = 10.0.40219.1
Project("{FAE04EC0-301F-11D3-BF4B-00C04F79EFBC}") = "Crud-S3", "Crud-S3.csproj", "{34A2784F-80AC-485C-8812-A446AB73CF71}"
EndProject
Global
	GlobalSection(SolutionConfigurationPlatforms) = preSolution
		Debug|Any CPU = Debug|Any CPU
		Release|Any CPU = Release|Any CPU
	EndGlobalSection
	GlobalSection(ProjectConfigurationPlatforms) = postSolution
		{34A2784F-80AC-485C-8812-A446AB73CF71}.Debug|Any CPU.ActiveCfg = Debug|Any CPU
		{34A2784F-80AC-485C-8812-A446AB73CF71}.Debug|Any CPU.Build.0 = Debug|Any CPU
		{34A2784F-80AC-485C-8812-A446AB73CF71}.Release|Any CPU.ActiveCfg = Release|Any CPU
		{34A2784F-80AC-485C-8812-A446AB73CF71}.Release|Any CPU.Build.0 = Release|Any CPU
	EndGlobalSection
	GlobalSection(SolutionProperties) = preSolution
		HideSolutionNode = FALSE
	EndGlobalSection
	GlobalSection(ExtensibilityGlobals) = postSolution
		SolutionGuid = {D5D31830-2199-4E22-9A9E-0678FF0F4244}
	EndGlobalSection
EndGlobal
